// !$*UTF8*$!
{
	archiveVersion = 1;
	classes = {
	};
	objectVersion = 51;
	objects = {

/* Begin PBXBuildFile section */
		1672179B774B45899F0F817D /* Pods_neblinaAR.framework in Frameworks */ = {isa = PBXBuildFile; fileRef = 79F7B41884B7DF95E5B831E8 /* Pods_neblinaAR.framework */; };
		84826CC3250141A000675E89 /* ball.mp3 in Resources */ = {isa = PBXBuildFile; fileRef = 84826CC12501419F00675E89 /* ball.mp3 */; };
		84826CC62501456000675E89 /* background.mp3 in Resources */ = {isa = PBXBuildFile; fileRef = 84826CC52501456000675E89 /* background.mp3 */; };
		84A35897241D39BF000AE822 /* MainViewController.swift in Sources */ = {isa = PBXBuildFile; fileRef = 84A35896241D39BE000AE822 /* MainViewController.swift */; };
		84A3589D241E8720000AE822 /* UIButtonX.swift in Sources */ = {isa = PBXBuildFile; fileRef = 84A35899241E8720000AE822 /* UIButtonX.swift */; };
		84A3589E241E8720000AE822 /* UILabelX.swift in Sources */ = {isa = PBXBuildFile; fileRef = 84A3589A241E8720000AE822 /* UILabelX.swift */; };
		84A358A0241E8720000AE822 /* UIButtonX2.swift in Sources */ = {isa = PBXBuildFile; fileRef = 84A3589C241E8720000AE822 /* UIButtonX2.swift */; };
		84B3AE3E24327DF2008FB6B6 /* SensorsTableViewController.swift in Sources */ = {isa = PBXBuildFile; fileRef = 84B3AE3D24327DF2008FB6B6 /* SensorsTableViewController.swift */; };
		84B3AE4024350416008FB6B6 /* ControllerNeblinaExtension.swift in Sources */ = {isa = PBXBuildFile; fileRef = 84B3AE3F24350416008FB6B6 /* ControllerNeblinaExtension.swift */; };
		84B3AE64243D4D80008FB6B6 /* SensorsTableViewCell.swift in Sources */ = {isa = PBXBuildFile; fileRef = 84B3AE63243D4D80008FB6B6 /* SensorsTableViewCell.swift */; };
		84B4AA3F250934F6003F3A54 /* ARCADECLASSIC.TTF in Resources */ = {isa = PBXBuildFile; fileRef = 84B4AA3E250934F5003F3A54 /* ARCADECLASSIC.TTF */; };
		84B4AA43250A6BB6003F3A54 /* ball.png in Resources */ = {isa = PBXBuildFile; fileRef = 84B4AA42250A6BB6003F3A54 /* ball.png */; };
		84B4AA45250A758E003F3A54 /* ChooseGameViewController.swift in Sources */ = {isa = PBXBuildFile; fileRef = 84B4AA44250A758E003F3A54 /* ChooseGameViewController.swift */; };
		84B4AA47250A75A6003F3A54 /* ChooseLevelViewController.swift in Sources */ = {isa = PBXBuildFile; fileRef = 84B4AA46250A75A6003F3A54 /* ChooseLevelViewController.swift */; };
		84D2C118243178D80006956E /* CoreBluetooth.framework in Frameworks */ = {isa = PBXBuildFile; fileRef = 84D2C117243178D80006956E /* CoreBluetooth.framework */; };
		84D2C12E243179B00006956E /* Neblina.swift in Sources */ = {isa = PBXBuildFile; fileRef = 84D2C11F243179B00006956E /* Neblina.swift */; };
		84D2C12F243179B00006956E /* CGContext+GraphLines.swift in Sources */ = {isa = PBXBuildFile; fileRef = 84D2C120243179B00006956E /* CGContext+GraphLines.swift */; };
		84D2C131243179B00006956E /* NeblinaControl.swift in Sources */ = {isa = PBXBuildFile; fileRef = 84D2C127243179B00006956E /* NeblinaControl.swift */; };
		84D5131E243D58B70012D52D /* SensorDetailViewController.swift in Sources */ = {isa = PBXBuildFile; fileRef = 84D5131D243D58B70012D52D /* SensorDetailViewController.swift */; };
		84DA674A2513A56700E0EF7A /* downPipe.png in Resources */ = {isa = PBXBuildFile; fileRef = 84DA67492513A56700E0EF7A /* downPipe.png */; };
		84DA674D2513C44800E0EF7A /* SettingsTableViewController.swift in Sources */ = {isa = PBXBuildFile; fileRef = 84DA674C2513C44800E0EF7A /* SettingsTableViewController.swift */; };
		84DA67512513FE8000E0EF7A /* SettingsTableViewCell.swift in Sources */ = {isa = PBXBuildFile; fileRef = 84DA67502513FE8000E0EF7A /* SettingsTableViewCell.swift */; };
		84DA675B2516707900E0EF7A /* BreakoutSettings.swift in Sources */ = {isa = PBXBuildFile; fileRef = 84DA675A2516707900E0EF7A /* BreakoutSettings.swift */; };
		84DA6762251673B700E0EF7A /* FlappyBirdSettings.swift in Sources */ = {isa = PBXBuildFile; fileRef = 84DA6761251673B700E0EF7A /* FlappyBirdSettings.swift */; };
		84E6EED523539B3B001B00D8 /* AppDelegate.swift in Sources */ = {isa = PBXBuildFile; fileRef = 84E6EED423539B3B001B00D8 /* AppDelegate.swift */; };
		84E6EED723539B3B001B00D8 /* art.scnassets in Resources */ = {isa = PBXBuildFile; fileRef = 84E6EED623539B3B001B00D8 /* art.scnassets */; };
		84E6EED923539B3B001B00D8 /* ViewController.swift in Sources */ = {isa = PBXBuildFile; fileRef = 84E6EED823539B3B001B00D8 /* ViewController.swift */; };
		84E6EEDC23539B3B001B00D8 /* Main.storyboard in Resources */ = {isa = PBXBuildFile; fileRef = 84E6EEDA23539B3B001B00D8 /* Main.storyboard */; };
		84E6EEDE23539B41001B00D8 /* Assets.xcassets in Resources */ = {isa = PBXBuildFile; fileRef = 84E6EEDD23539B41001B00D8 /* Assets.xcassets */; };
		84E6EEE123539B41001B00D8 /* LaunchScreen.storyboard in Resources */ = {isa = PBXBuildFile; fileRef = 84E6EEDF23539B41001B00D8 /* LaunchScreen.storyboard */; };
		84FEE4A4250A9D7900757CA1 /* BOLevel2.sks in Resources */ = {isa = PBXBuildFile; fileRef = 84FEE4A3250A9D7900757CA1 /* BOLevel2.sks */; };
		84FEE4A8250A9E0E00757CA1 /* BOLevel1.sks in Resources */ = {isa = PBXBuildFile; fileRef = 84FEE4A6250A9E0E00757CA1 /* BOLevel1.sks */; };
		84FEE4A9250A9E0E00757CA1 /* GameScene.swift in Sources */ = {isa = PBXBuildFile; fileRef = 84FEE4A7250A9E0E00757CA1 /* GameScene.swift */; };
		84FEE4B5250A9FD400757CA1 /* BOLevel4.sks in Resources */ = {isa = PBXBuildFile; fileRef = 84FEE4AE250A9FD400757CA1 /* BOLevel4.sks */; };
		84FEE4B6250A9FD400757CA1 /* BOLevel5.sks in Resources */ = {isa = PBXBuildFile; fileRef = 84FEE4B0250A9FD400757CA1 /* BOLevel5.sks */; };
		84FEE4B7250A9FD400757CA1 /* BOLevel3.sks in Resources */ = {isa = PBXBuildFile; fileRef = 84FEE4B2250A9FD400757CA1 /* BOLevel3.sks */; };
		84FEE4B8250A9FD400757CA1 /* BOLevel6.sks in Resources */ = {isa = PBXBuildFile; fileRef = 84FEE4B4250A9FD400757CA1 /* BOLevel6.sks */; };
		84FEE4BA250BC4E400757CA1 /* SKButton.swift in Sources */ = {isa = PBXBuildFile; fileRef = 84FEE4B9250BC4E400757CA1 /* SKButton.swift */; };
		84FEE4BD25116AF900757CA1 /* FlappyBird.sks in Resources */ = {isa = PBXBuildFile; fileRef = 84FEE4BC25116AF900757CA1 /* FlappyBird.sks */; };
		84FEE4C025116B9500757CA1 /* FBbackground.png in Resources */ = {isa = PBXBuildFile; fileRef = 84FEE4BE25116B9500757CA1 /* FBbackground.png */; };
		84FEE4C125116B9500757CA1 /* FBbird.png in Resources */ = {isa = PBXBuildFile; fileRef = 84FEE4BF25116B9500757CA1 /* FBbird.png */; };
		84FEE4C325116DC900757CA1 /* pipe.png in Resources */ = {isa = PBXBuildFile; fileRef = 84FEE4C225116DC900757CA1 /* pipe.png */; };
		84FEE4C625116DE800757CA1 /* FlappyBird.swift in Sources */ = {isa = PBXBuildFile; fileRef = 84FEE4C525116DE800757CA1 /* FlappyBird.swift */; };
/* End PBXBuildFile section */

/* Begin PBXFileReference section */
		79F7B41884B7DF95E5B831E8 /* Pods_neblinaAR.framework */ = {isa = PBXFileReference; explicitFileType = wrapper.framework; includeInIndex = 0; path = Pods_neblinaAR.framework; sourceTree = BUILT_PRODUCTS_DIR; };
		84826CC12501419F00675E89 /* ball.mp3 */ = {isa = PBXFileReference; lastKnownFileType = audio.mp3; path = ball.mp3; sourceTree = "<group>"; };
		84826CC52501456000675E89 /* background.mp3 */ = {isa = PBXFileReference; lastKnownFileType = audio.mp3; path = background.mp3; sourceTree = "<group>"; };
		84A35896241D39BE000AE822 /* MainViewController.swift */ = {isa = PBXFileReference; lastKnownFileType = sourcecode.swift; path = MainViewController.swift; sourceTree = "<group>"; };
		84A35899241E8720000AE822 /* UIButtonX.swift */ = {isa = PBXFileReference; fileEncoding = 4; lastKnownFileType = sourcecode.swift; path = UIButtonX.swift; sourceTree = "<group>"; };
		84A3589A241E8720000AE822 /* UILabelX.swift */ = {isa = PBXFileReference; fileEncoding = 4; lastKnownFileType = sourcecode.swift; path = UILabelX.swift; sourceTree = "<group>"; };
		84A3589C241E8720000AE822 /* UIButtonX2.swift */ = {isa = PBXFileReference; fileEncoding = 4; lastKnownFileType = sourcecode.swift; path = UIButtonX2.swift; sourceTree = "<group>"; };
		84B3AE3D24327DF2008FB6B6 /* SensorsTableViewController.swift */ = {isa = PBXFileReference; lastKnownFileType = sourcecode.swift; path = SensorsTableViewController.swift; sourceTree = "<group>"; };
		84B3AE3F24350416008FB6B6 /* ControllerNeblinaExtension.swift */ = {isa = PBXFileReference; lastKnownFileType = sourcecode.swift; path = ControllerNeblinaExtension.swift; sourceTree = "<group>"; };
		84B3AE63243D4D80008FB6B6 /* SensorsTableViewCell.swift */ = {isa = PBXFileReference; lastKnownFileType = sourcecode.swift; path = SensorsTableViewCell.swift; sourceTree = "<group>"; };
		84B4AA3E250934F5003F3A54 /* ARCADECLASSIC.TTF */ = {isa = PBXFileReference; lastKnownFileType = file; path = ARCADECLASSIC.TTF; sourceTree = "<group>"; };
		84B4AA42250A6BB6003F3A54 /* ball.png */ = {isa = PBXFileReference; lastKnownFileType = image.png; path = ball.png; sourceTree = "<group>"; };
		84B4AA44250A758E003F3A54 /* ChooseGameViewController.swift */ = {isa = PBXFileReference; lastKnownFileType = sourcecode.swift; path = ChooseGameViewController.swift; sourceTree = "<group>"; };
		84B4AA46250A75A6003F3A54 /* ChooseLevelViewController.swift */ = {isa = PBXFileReference; lastKnownFileType = sourcecode.swift; path = ChooseLevelViewController.swift; sourceTree = "<group>"; };
		84D2C117243178D80006956E /* CoreBluetooth.framework */ = {isa = PBXFileReference; lastKnownFileType = wrapper.framework; name = CoreBluetooth.framework; path = System/Library/Frameworks/CoreBluetooth.framework; sourceTree = SDKROOT; };
		84D2C11A243179B00006956E /* neblina_sensor.h */ = {isa = PBXFileReference; fileEncoding = 4; lastKnownFileType = sourcecode.c.h; path = neblina_sensor.h; sourceTree = "<group>"; };
		84D2C11B243179B00006956E /* neblina_eeprom.h */ = {isa = PBXFileReference; fileEncoding = 4; lastKnownFileType = sourcecode.c.h; path = neblina_eeprom.h; sourceTree = "<group>"; };
		84D2C11D243179B00006956E /* neblina_fusion.h */ = {isa = PBXFileReference; fileEncoding = 4; lastKnownFileType = sourcecode.c.h; path = neblina_fusion.h; sourceTree = "<group>"; };
		84D2C11E243179B00006956E /* neblinaFusion.h */ = {isa = PBXFileReference; fileEncoding = 4; lastKnownFileType = sourcecode.c.h; path = neblinaFusion.h; sourceTree = "<group>"; };
		84D2C11F243179B00006956E /* Neblina.swift */ = {isa = PBXFileReference; fileEncoding = 4; lastKnownFileType = sourcecode.swift; path = Neblina.swift; sourceTree = "<group>"; };
		84D2C120243179B00006956E /* CGContext+GraphLines.swift */ = {isa = PBXFileReference; fileEncoding = 4; lastKnownFileType = sourcecode.swift; path = "CGContext+GraphLines.swift"; sourceTree = "<group>"; };
		84D2C121243179B00006956E /* neblina_general.h */ = {isa = PBXFileReference; fileEncoding = 4; lastKnownFileType = sourcecode.c.h; path = neblina_general.h; sourceTree = "<group>"; };
		84D2C123243179B00006956E /* Neblina-Bridging-Header.h */ = {isa = PBXFileReference; fileEncoding = 4; lastKnownFileType = sourcecode.c.h; path = "Neblina-Bridging-Header.h"; sourceTree = "<group>"; };
		84D2C124243179B00006956E /* neblina_recorder.h */ = {isa = PBXFileReference; fileEncoding = 4; lastKnownFileType = sourcecode.c.h; path = neblina_recorder.h; sourceTree = "<group>"; };
		84D2C125243179B00006956E /* neblina_fusion_utilities.h */ = {isa = PBXFileReference; fileEncoding = 4; lastKnownFileType = sourcecode.c.h; path = neblina_fusion_utilities.h; sourceTree = "<group>"; };
		84D2C126243179B00006956E /* neblina_common.h */ = {isa = PBXFileReference; fileEncoding = 4; lastKnownFileType = sourcecode.c.h; path = neblina_common.h; sourceTree = "<group>"; };
		84D2C127243179B00006956E /* NeblinaControl.swift */ = {isa = PBXFileReference; fileEncoding = 4; lastKnownFileType = sourcecode.swift; path = NeblinaControl.swift; sourceTree = "<group>"; };
		84D2C128243179B00006956E /* neblina_led.h */ = {isa = PBXFileReference; fileEncoding = 4; lastKnownFileType = sourcecode.c.h; path = neblina_led.h; sourceTree = "<group>"; };
		84D2C129243179B00006956E /* neblina_debug.h */ = {isa = PBXFileReference; fileEncoding = 4; lastKnownFileType = sourcecode.c.h; path = neblina_debug.h; sourceTree = "<group>"; };
		84D2C12A243179B00006956E /* neblina_utilities.h */ = {isa = PBXFileReference; fileEncoding = 4; lastKnownFileType = sourcecode.c.h; path = neblina_utilities.h; sourceTree = "<group>"; };
		84D2C12B243179B00006956E /* neblina.h */ = {isa = PBXFileReference; fileEncoding = 4; lastKnownFileType = sourcecode.c.h; path = neblina.h; sourceTree = "<group>"; };
		84D2C12C243179B00006956E /* neblina_power.h */ = {isa = PBXFileReference; fileEncoding = 4; lastKnownFileType = sourcecode.c.h; path = neblina_power.h; sourceTree = "<group>"; };
		84D5131D243D58B70012D52D /* SensorDetailViewController.swift */ = {isa = PBXFileReference; fileEncoding = 4; lastKnownFileType = sourcecode.swift; path = SensorDetailViewController.swift; sourceTree = "<group>"; };
		84DA67492513A56700E0EF7A /* downPipe.png */ = {isa = PBXFileReference; lastKnownFileType = image.png; path = downPipe.png; sourceTree = "<group>"; };
		84DA674C2513C44800E0EF7A /* SettingsTableViewController.swift */ = {isa = PBXFileReference; lastKnownFileType = sourcecode.swift; path = SettingsTableViewController.swift; sourceTree = "<group>"; };
		84DA67502513FE8000E0EF7A /* SettingsTableViewCell.swift */ = {isa = PBXFileReference; lastKnownFileType = sourcecode.swift; path = SettingsTableViewCell.swift; sourceTree = "<group>"; };
		84DA675A2516707900E0EF7A /* BreakoutSettings.swift */ = {isa = PBXFileReference; lastKnownFileType = sourcecode.swift; path = BreakoutSettings.swift; sourceTree = "<group>"; };
		84DA6761251673B700E0EF7A /* FlappyBirdSettings.swift */ = {isa = PBXFileReference; lastKnownFileType = sourcecode.swift; path = FlappyBirdSettings.swift; sourceTree = "<group>"; };
		84E6EED123539B3B001B00D8 /* neblinaAR.app */ = {isa = PBXFileReference; explicitFileType = wrapper.application; includeInIndex = 0; path = neblinaAR.app; sourceTree = BUILT_PRODUCTS_DIR; };
		84E6EED423539B3B001B00D8 /* AppDelegate.swift */ = {isa = PBXFileReference; lastKnownFileType = sourcecode.swift; path = AppDelegate.swift; sourceTree = "<group>"; };
		84E6EED623539B3B001B00D8 /* art.scnassets */ = {isa = PBXFileReference; lastKnownFileType = wrapper.scnassets; path = art.scnassets; sourceTree = "<group>"; };
		84E6EED823539B3B001B00D8 /* ViewController.swift */ = {isa = PBXFileReference; lastKnownFileType = sourcecode.swift; path = ViewController.swift; sourceTree = "<group>"; };
		84E6EEDB23539B3B001B00D8 /* Base */ = {isa = PBXFileReference; lastKnownFileType = file.storyboard; name = Base; path = Base.lproj/Main.storyboard; sourceTree = "<group>"; };
		84E6EEDD23539B41001B00D8 /* Assets.xcassets */ = {isa = PBXFileReference; lastKnownFileType = folder.assetcatalog; path = Assets.xcassets; sourceTree = "<group>"; };
		84E6EEE023539B41001B00D8 /* Base */ = {isa = PBXFileReference; lastKnownFileType = file.storyboard; name = Base; path = Base.lproj/LaunchScreen.storyboard; sourceTree = "<group>"; };
		84E6EEE223539B41001B00D8 /* Info.plist */ = {isa = PBXFileReference; lastKnownFileType = text.plist.xml; path = Info.plist; sourceTree = "<group>"; };
		84FEE4A3250A9D7900757CA1 /* BOLevel2.sks */ = {isa = PBXFileReference; lastKnownFileType = file.sks; path = BOLevel2.sks; sourceTree = "<group>"; };
		84FEE4A6250A9E0E00757CA1 /* BOLevel1.sks */ = {isa = PBXFileReference; lastKnownFileType = file.sks; path = BOLevel1.sks; sourceTree = "<group>"; };
		84FEE4A7250A9E0E00757CA1 /* GameScene.swift */ = {isa = PBXFileReference; fileEncoding = 4; lastKnownFileType = sourcecode.swift; path = GameScene.swift; sourceTree = "<group>"; };
		84FEE4AE250A9FD400757CA1 /* BOLevel4.sks */ = {isa = PBXFileReference; lastKnownFileType = file.sks; path = BOLevel4.sks; sourceTree = "<group>"; };
		84FEE4B0250A9FD400757CA1 /* BOLevel5.sks */ = {isa = PBXFileReference; lastKnownFileType = file.sks; path = BOLevel5.sks; sourceTree = "<group>"; };
		84FEE4B2250A9FD400757CA1 /* BOLevel3.sks */ = {isa = PBXFileReference; lastKnownFileType = file.sks; path = BOLevel3.sks; sourceTree = "<group>"; };
		84FEE4B4250A9FD400757CA1 /* BOLevel6.sks */ = {isa = PBXFileReference; lastKnownFileType = file.sks; path = BOLevel6.sks; sourceTree = "<group>"; };
		84FEE4B9250BC4E400757CA1 /* SKButton.swift */ = {isa = PBXFileReference; lastKnownFileType = sourcecode.swift; path = SKButton.swift; sourceTree = "<group>"; };
		84FEE4BC25116AF900757CA1 /* FlappyBird.sks */ = {isa = PBXFileReference; lastKnownFileType = file.sks; path = FlappyBird.sks; sourceTree = "<group>"; };
		84FEE4BE25116B9500757CA1 /* FBbackground.png */ = {isa = PBXFileReference; lastKnownFileType = image.png; path = FBbackground.png; sourceTree = "<group>"; };
		84FEE4BF25116B9500757CA1 /* FBbird.png */ = {isa = PBXFileReference; lastKnownFileType = image.png; path = FBbird.png; sourceTree = "<group>"; };
		84FEE4C225116DC900757CA1 /* pipe.png */ = {isa = PBXFileReference; lastKnownFileType = image.png; path = pipe.png; sourceTree = "<group>"; };
		84FEE4C525116DE800757CA1 /* FlappyBird.swift */ = {isa = PBXFileReference; lastKnownFileType = sourcecode.swift; path = FlappyBird.swift; sourceTree = "<group>"; };
		E36E6B2C6C5015D161563E4B /* Pods-neblinaAR.debug.xcconfig */ = {isa = PBXFileReference; includeInIndex = 1; lastKnownFileType = text.xcconfig; name = "Pods-neblinaAR.debug.xcconfig"; path = "Target Support Files/Pods-neblinaAR/Pods-neblinaAR.debug.xcconfig"; sourceTree = "<group>"; };
		E6C8AE65F150E23A9D69B7F8 /* Pods-neblinaAR.release.xcconfig */ = {isa = PBXFileReference; includeInIndex = 1; lastKnownFileType = text.xcconfig; name = "Pods-neblinaAR.release.xcconfig"; path = "Target Support Files/Pods-neblinaAR/Pods-neblinaAR.release.xcconfig"; sourceTree = "<group>"; };
/* End PBXFileReference section */

/* Begin PBXFrameworksBuildPhase section */
		84E6EECE23539B3B001B00D8 /* Frameworks */ = {
			isa = PBXFrameworksBuildPhase;
			buildActionMask = 2147483647;
			files = (
				84D2C118243178D80006956E /* CoreBluetooth.framework in Frameworks */,
				1672179B774B45899F0F817D /* Pods_neblinaAR.framework in Frameworks */,
			);
			runOnlyForDeploymentPostprocessing = 0;
		};
/* End PBXFrameworksBuildPhase section */

/* Begin PBXGroup section */
		84826CC0250129E300675E89 /* Resources */ = {
			isa = PBXGroup;
			children = (
				84DA67492513A56700E0EF7A /* downPipe.png */,
				84FEE4C225116DC900757CA1 /* pipe.png */,
				84FEE4BE25116B9500757CA1 /* FBbackground.png */,
				84FEE4BF25116B9500757CA1 /* FBbird.png */,
				84B4AA42250A6BB6003F3A54 /* ball.png */,
				84B4AA3E250934F5003F3A54 /* ARCADECLASSIC.TTF */,
				84826CC52501456000675E89 /* background.mp3 */,
				84826CC12501419F00675E89 /* ball.mp3 */,
			);
			path = Resources;
			sourceTree = "<group>";
		};
		84A35898241E8720000AE822 /* CollapseMenu Files */ = {
			isa = PBXGroup;
			children = (
				84A35899241E8720000AE822 /* UIButtonX.swift */,
				84A3589A241E8720000AE822 /* UILabelX.swift */,
				84A3589C241E8720000AE822 /* UIButtonX2.swift */,
			);
			path = "CollapseMenu Files";
			sourceTree = "<group>";
		};
		84A358A1241EA061000AE822 /* ViewControllers */ = {
			isa = PBXGroup;
			children = (
				84A35896241D39BE000AE822 /* MainViewController.swift */,
				84B3AE3D24327DF2008FB6B6 /* SensorsTableViewController.swift */,
				84E6EED823539B3B001B00D8 /* ViewController.swift */,
				84D5131D243D58B70012D52D /* SensorDetailViewController.swift */,
				84B3AE3F24350416008FB6B6 /* ControllerNeblinaExtension.swift */,
				84B4AA44250A758E003F3A54 /* ChooseGameViewController.swift */,
				84B4AA46250A75A6003F3A54 /* ChooseLevelViewController.swift */,
				84DA674C2513C44800E0EF7A /* SettingsTableViewController.swift */,
			);
			path = ViewControllers;
			sourceTree = "<group>";
		};
		84D2C116243178D80006956E /* Frameworks */ = {
			isa = PBXGroup;
			children = (
				84D2C117243178D80006956E /* CoreBluetooth.framework */,
				79F7B41884B7DF95E5B831E8 /* Pods_neblinaAR.framework */,
			);
			name = Frameworks;
			sourceTree = "<group>";
		};
		84D2C119243179B00006956E /* Neblina files */ = {
			isa = PBXGroup;
			children = (
				84D2C11A243179B00006956E /* neblina_sensor.h */,
				84D2C11B243179B00006956E /* neblina_eeprom.h */,
				84D2C11D243179B00006956E /* neblina_fusion.h */,
				84D2C11E243179B00006956E /* neblinaFusion.h */,
				84D2C11F243179B00006956E /* Neblina.swift */,
				84D2C120243179B00006956E /* CGContext+GraphLines.swift */,
				84D2C121243179B00006956E /* neblina_general.h */,
				84D2C123243179B00006956E /* Neblina-Bridging-Header.h */,
				84D2C124243179B00006956E /* neblina_recorder.h */,
				84D2C125243179B00006956E /* neblina_fusion_utilities.h */,
				84D2C126243179B00006956E /* neblina_common.h */,
				84D2C127243179B00006956E /* NeblinaControl.swift */,
				84D2C128243179B00006956E /* neblina_led.h */,
				84D2C129243179B00006956E /* neblina_debug.h */,
				84D2C12A243179B00006956E /* neblina_utilities.h */,
				84D2C12B243179B00006956E /* neblina.h */,
				84D2C12C243179B00006956E /* neblina_power.h */,
			);
			path = "Neblina files";
			sourceTree = "<group>";
		};
		84DA674F2513FE4700E0EF7A /* Cells */ = {
			isa = PBXGroup;
			children = (
				84B3AE63243D4D80008FB6B6 /* SensorsTableViewCell.swift */,
				84DA67502513FE8000E0EF7A /* SettingsTableViewCell.swift */,
			);
			path = Cells;
			sourceTree = "<group>";
		};
		84DA67582516705800E0EF7A /* Models */ = {
			isa = PBXGroup;
			children = (
				84DA675A2516707900E0EF7A /* BreakoutSettings.swift */,
				84DA6761251673B700E0EF7A /* FlappyBirdSettings.swift */,
			);
			path = Models;
			sourceTree = "<group>";
		};
		84E6EEC823539B3B001B00D8 = {
			isa = PBXGroup;
			children = (
				84E6EED323539B3B001B00D8 /* neblinaAR */,
				84E6EED223539B3B001B00D8 /* Products */,
				84D2C116243178D80006956E /* Frameworks */,
				C8206507CBF6587ED265F629 /* Pods */,
			);
			sourceTree = "<group>";
		};
		84E6EED223539B3B001B00D8 /* Products */ = {
			isa = PBXGroup;
			children = (
				84E6EED123539B3B001B00D8 /* neblinaAR.app */,
			);
			name = Products;
			sourceTree = "<group>";
		};
		84E6EED323539B3B001B00D8 /* neblinaAR */ = {
			isa = PBXGroup;
			children = (
				84DA67582516705800E0EF7A /* Models */,
				84FEE4BB25116ADB00757CA1 /* FlappyBird */,
				84FEE4A2250A9D3D00757CA1 /* Breakout */,
				84826CC0250129E300675E89 /* Resources */,
				84A35898241E8720000AE822 /* CollapseMenu Files */,
				84D2C119243179B00006956E /* Neblina files */,
				84A358A1241EA061000AE822 /* ViewControllers */,
				84E6EED423539B3B001B00D8 /* AppDelegate.swift */,
				84DA674F2513FE4700E0EF7A /* Cells */,
				84E6EED623539B3B001B00D8 /* art.scnassets */,
				84E6EEDA23539B3B001B00D8 /* Main.storyboard */,
				84E6EEDD23539B41001B00D8 /* Assets.xcassets */,
				84E6EEDF23539B41001B00D8 /* LaunchScreen.storyboard */,
				84E6EEE223539B41001B00D8 /* Info.plist */,
				84FEE4B9250BC4E400757CA1 /* SKButton.swift */,
			);
			path = neblinaAR;
			sourceTree = "<group>";
		};
		84FEE4A2250A9D3D00757CA1 /* Breakout */ = {
			isa = PBXGroup;
			children = (
				84FEE4A7250A9E0E00757CA1 /* GameScene.swift */,
				84FEE4A6250A9E0E00757CA1 /* BOLevel1.sks */,
				84FEE4A3250A9D7900757CA1 /* BOLevel2.sks */,
				84FEE4B2250A9FD400757CA1 /* BOLevel3.sks */,
				84FEE4AE250A9FD400757CA1 /* BOLevel4.sks */,
				84FEE4B0250A9FD400757CA1 /* BOLevel5.sks */,
				84FEE4B4250A9FD400757CA1 /* BOLevel6.sks */,
			);
			path = Breakout;
			sourceTree = "<group>";
		};
		84FEE4BB25116ADB00757CA1 /* FlappyBird */ = {
			isa = PBXGroup;
			children = (
				84FEE4BC25116AF900757CA1 /* FlappyBird.sks */,
				84FEE4C525116DE800757CA1 /* FlappyBird.swift */,
			);
			path = FlappyBird;
			sourceTree = "<group>";
		};
		C8206507CBF6587ED265F629 /* Pods */ = {
			isa = PBXGroup;
			children = (
				E36E6B2C6C5015D161563E4B /* Pods-neblinaAR.debug.xcconfig */,
				E6C8AE65F150E23A9D69B7F8 /* Pods-neblinaAR.release.xcconfig */,
			);
			path = Pods;
			sourceTree = "<group>";
		};
/* End PBXGroup section */

/* Begin PBXNativeTarget section */
		84E6EED023539B3B001B00D8 /* neblinaAR */ = {
			isa = PBXNativeTarget;
			buildConfigurationList = 84E6EEE523539B41001B00D8 /* Build configuration list for PBXNativeTarget "neblinaAR" */;
			buildPhases = (
				89154156C1CA2EF432A344C7 /* [CP] Check Pods Manifest.lock */,
				84E6EECD23539B3B001B00D8 /* Sources */,
				84E6EECE23539B3B001B00D8 /* Frameworks */,
				84E6EECF23539B3B001B00D8 /* Resources */,
				2FD15CC51FF75DA9F19CE45C /* [CP] Embed Pods Frameworks */,
			);
			buildRules = (
			);
			dependencies = (
			);
			name = neblinaAR;
			productName = neblinaAR;
			productReference = 84E6EED123539B3B001B00D8 /* neblinaAR.app */;
			productType = "com.apple.product-type.application";
		};
/* End PBXNativeTarget section */

/* Begin PBXProject section */
		84E6EEC923539B3B001B00D8 /* Project object */ = {
			isa = PBXProject;
			attributes = {
				LastSwiftUpdateCheck = 1110;
				LastUpgradeCheck = 1110;
				ORGANIZATIONNAME = Negar;
				TargetAttributes = {
					84E6EED023539B3B001B00D8 = {
						CreatedOnToolsVersion = 11.1;
					};
				};
			};
			buildConfigurationList = 84E6EECC23539B3B001B00D8 /* Build configuration list for PBXProject "neblinaAR" */;
			compatibilityVersion = "Xcode 9.3";
			developmentRegion = en;
			hasScannedForEncodings = 0;
			knownRegions = (
				en,
				Base,
			);
			mainGroup = 84E6EEC823539B3B001B00D8;
			productRefGroup = 84E6EED223539B3B001B00D8 /* Products */;
			projectDirPath = "";
			projectRoot = "";
			targets = (
				84E6EED023539B3B001B00D8 /* neblinaAR */,
			);
		};
/* End PBXProject section */

/* Begin PBXResourcesBuildPhase section */
		84E6EECF23539B3B001B00D8 /* Resources */ = {
			isa = PBXResourcesBuildPhase;
			buildActionMask = 2147483647;
			files = (
				84FEE4B7250A9FD400757CA1 /* BOLevel3.sks in Resources */,
				84FEE4B6250A9FD400757CA1 /* BOLevel5.sks in Resources */,
				84FEE4A4250A9D7900757CA1 /* BOLevel2.sks in Resources */,
				84E6EED723539B3B001B00D8 /* art.scnassets in Resources */,
				84826CC3250141A000675E89 /* ball.mp3 in Resources */,
				84FEE4A8250A9E0E00757CA1 /* BOLevel1.sks in Resources */,
				84B4AA43250A6BB6003F3A54 /* ball.png in Resources */,
				84E6EEE123539B41001B00D8 /* LaunchScreen.storyboard in Resources */,
				84FEE4B8250A9FD400757CA1 /* BOLevel6.sks in Resources */,
				84B4AA3F250934F6003F3A54 /* ARCADECLASSIC.TTF in Resources */,
				84E6EEDE23539B41001B00D8 /* Assets.xcassets in Resources */,
				84FEE4C325116DC900757CA1 /* pipe.png in Resources */,
				84FEE4C025116B9500757CA1 /* FBbackground.png in Resources */,
				84FEE4C125116B9500757CA1 /* FBbird.png in Resources */,
				84FEE4BD25116AF900757CA1 /* FlappyBird.sks in Resources */,
				84DA674A2513A56700E0EF7A /* downPipe.png in Resources */,
				84E6EEDC23539B3B001B00D8 /* Main.storyboard in Resources */,
				84FEE4B5250A9FD400757CA1 /* BOLevel4.sks in Resources */,
				84826CC62501456000675E89 /* background.mp3 in Resources */,
			);
			runOnlyForDeploymentPostprocessing = 0;
		};
/* End PBXResourcesBuildPhase section */

/* Begin PBXShellScriptBuildPhase section */
		2FD15CC51FF75DA9F19CE45C /* [CP] Embed Pods Frameworks */ = {
			isa = PBXShellScriptBuildPhase;
			buildActionMask = 2147483647;
			files = (
			);
			inputFileListPaths = (
				"${PODS_ROOT}/Target Support Files/Pods-neblinaAR/Pods-neblinaAR-frameworks-${CONFIGURATION}-input-files.xcfilelist",
			);
			name = "[CP] Embed Pods Frameworks";
			outputFileListPaths = (
				"${PODS_ROOT}/Target Support Files/Pods-neblinaAR/Pods-neblinaAR-frameworks-${CONFIGURATION}-output-files.xcfilelist",
			);
			runOnlyForDeploymentPostprocessing = 0;
			shellPath = /bin/sh;
			shellScript = "\"${PODS_ROOT}/Target Support Files/Pods-neblinaAR/Pods-neblinaAR-frameworks.sh\"\n";
			showEnvVarsInLog = 0;
		};
		89154156C1CA2EF432A344C7 /* [CP] Check Pods Manifest.lock */ = {
			isa = PBXShellScriptBuildPhase;
			buildActionMask = 2147483647;
			files = (
			);
			inputFileListPaths = (
			);
			inputPaths = (
				"${PODS_PODFILE_DIR_PATH}/Podfile.lock",
				"${PODS_ROOT}/Manifest.lock",
			);
			name = "[CP] Check Pods Manifest.lock";
			outputFileListPaths = (
			);
			outputPaths = (
				"$(DERIVED_FILE_DIR)/Pods-neblinaAR-checkManifestLockResult.txt",
			);
			runOnlyForDeploymentPostprocessing = 0;
			shellPath = /bin/sh;
			shellScript = "diff \"${PODS_PODFILE_DIR_PATH}/Podfile.lock\" \"${PODS_ROOT}/Manifest.lock\" > /dev/null\nif [ $? != 0 ] ; then\n    # print error to STDERR\n    echo \"error: The sandbox is not in sync with the Podfile.lock. Run 'pod install' or update your CocoaPods installation.\" >&2\n    exit 1\nfi\n# This output is used by Xcode 'outputs' to avoid re-running this script phase.\necho \"SUCCESS\" > \"${SCRIPT_OUTPUT_FILE_0}\"\n";
			showEnvVarsInLog = 0;
		};
/* End PBXShellScriptBuildPhase section */

/* Begin PBXSourcesBuildPhase section */
		84E6EECD23539B3B001B00D8 /* Sources */ = {
			isa = PBXSourcesBuildPhase;
			buildActionMask = 2147483647;
			files = (
				84D2C131243179B00006956E /* NeblinaControl.swift in Sources */,
				84DA6762251673B700E0EF7A /* FlappyBirdSettings.swift in Sources */,
				84A3589D241E8720000AE822 /* UIButtonX.swift in Sources */,
				84B3AE4024350416008FB6B6 /* ControllerNeblinaExtension.swift in Sources */,
				84B4AA47250A75A6003F3A54 /* ChooseLevelViewController.swift in Sources */,
				84B4AA45250A758E003F3A54 /* ChooseGameViewController.swift in Sources */,
				84DA675B2516707900E0EF7A /* BreakoutSettings.swift in Sources */,
				84D2C12F243179B00006956E /* CGContext+GraphLines.swift in Sources */,
				84A35897241D39BF000AE822 /* MainViewController.swift in Sources */,
				84FEE4C625116DE800757CA1 /* FlappyBird.swift in Sources */,
				84FEE4BA250BC4E400757CA1 /* SKButton.swift in Sources */,
				84D5131E243D58B70012D52D /* SensorDetailViewController.swift in Sources */,
				84A3589E241E8720000AE822 /* UILabelX.swift in Sources */,
				84D2C12E243179B00006956E /* Neblina.swift in Sources */,
				84B3AE3E24327DF2008FB6B6 /* SensorsTableViewController.swift in Sources */,
				84FEE4A9250A9E0E00757CA1 /* GameScene.swift in Sources */,
				84E6EED923539B3B001B00D8 /* ViewController.swift in Sources */,
				84E6EED523539B3B001B00D8 /* AppDelegate.swift in Sources */,
				84DA674D2513C44800E0EF7A /* SettingsTableViewController.swift in Sources */,
				84A358A0241E8720000AE822 /* UIButtonX2.swift in Sources */,
				84DA67512513FE8000E0EF7A /* SettingsTableViewCell.swift in Sources */,
				84B3AE64243D4D80008FB6B6 /* SensorsTableViewCell.swift in Sources */,
			);
			runOnlyForDeploymentPostprocessing = 0;
		};
/* End PBXSourcesBuildPhase section */

/* Begin PBXVariantGroup section */
		84E6EEDA23539B3B001B00D8 /* Main.storyboard */ = {
			isa = PBXVariantGroup;
			children = (
				84E6EEDB23539B3B001B00D8 /* Base */,
			);
			name = Main.storyboard;
			sourceTree = "<group>";
		};
		84E6EEDF23539B41001B00D8 /* LaunchScreen.storyboard */ = {
			isa = PBXVariantGroup;
			children = (
				84E6EEE023539B41001B00D8 /* Base */,
			);
			name = LaunchScreen.storyboard;
			sourceTree = "<group>";
		};
/* End PBXVariantGroup section */

/* Begin XCBuildConfiguration section */
		84E6EEE323539B41001B00D8 /* Debug */ = {
			isa = XCBuildConfiguration;
			buildSettings = {
				ALWAYS_SEARCH_USER_PATHS = NO;
				CLANG_ANALYZER_NONNULL = YES;
				CLANG_ANALYZER_NUMBER_OBJECT_CONVERSION = YES_AGGRESSIVE;
				CLANG_CXX_LANGUAGE_STANDARD = "gnu++14";
				CLANG_CXX_LIBRARY = "libc++";
				CLANG_ENABLE_MODULES = YES;
				CLANG_ENABLE_OBJC_ARC = YES;
				CLANG_ENABLE_OBJC_WEAK = YES;
				CLANG_WARN_BLOCK_CAPTURE_AUTORELEASING = YES;
				CLANG_WARN_BOOL_CONVERSION = YES;
				CLANG_WARN_COMMA = YES;
				CLANG_WARN_CONSTANT_CONVERSION = YES;
				CLANG_WARN_DEPRECATED_OBJC_IMPLEMENTATIONS = YES;
				CLANG_WARN_DIRECT_OBJC_ISA_USAGE = YES_ERROR;
				CLANG_WARN_DOCUMENTATION_COMMENTS = YES;
				CLANG_WARN_EMPTY_BODY = YES;
				CLANG_WARN_ENUM_CONVERSION = YES;
				CLANG_WARN_INFINITE_RECURSION = YES;
				CLANG_WARN_INT_CONVERSION = YES;
				CLANG_WARN_NON_LITERAL_NULL_CONVERSION = YES;
				CLANG_WARN_OBJC_IMPLICIT_RETAIN_SELF = YES;
				CLANG_WARN_OBJC_LITERAL_CONVERSION = YES;
				CLANG_WARN_OBJC_ROOT_CLASS = YES_ERROR;
				CLANG_WARN_RANGE_LOOP_ANALYSIS = YES;
				CLANG_WARN_STRICT_PROTOTYPES = YES;
				CLANG_WARN_SUSPICIOUS_MOVE = YES;
				CLANG_WARN_UNGUARDED_AVAILABILITY = YES_AGGRESSIVE;
				CLANG_WARN_UNREACHABLE_CODE = YES;
				CLANG_WARN__DUPLICATE_METHOD_MATCH = YES;
				COPY_PHASE_STRIP = NO;
				DEBUG_INFORMATION_FORMAT = dwarf;
				ENABLE_STRICT_OBJC_MSGSEND = YES;
				ENABLE_TESTABILITY = YES;
				GCC_C_LANGUAGE_STANDARD = gnu11;
				GCC_DYNAMIC_NO_PIC = NO;
				GCC_NO_COMMON_BLOCKS = YES;
				GCC_OPTIMIZATION_LEVEL = 0;
				GCC_PREPROCESSOR_DEFINITIONS = (
					"DEBUG=1",
					"$(inherited)",
				);
				GCC_WARN_64_TO_32_BIT_CONVERSION = YES;
				GCC_WARN_ABOUT_RETURN_TYPE = YES_ERROR;
				GCC_WARN_UNDECLARED_SELECTOR = YES;
				GCC_WARN_UNINITIALIZED_AUTOS = YES_AGGRESSIVE;
				GCC_WARN_UNUSED_FUNCTION = YES;
				GCC_WARN_UNUSED_VARIABLE = YES;
				IPHONEOS_DEPLOYMENT_TARGET = 13.1;
				MTL_ENABLE_DEBUG_INFO = INCLUDE_SOURCE;
				MTL_FAST_MATH = YES;
				ONLY_ACTIVE_ARCH = YES;
				SDKROOT = iphoneos;
				SWIFT_ACTIVE_COMPILATION_CONDITIONS = DEBUG;
				SWIFT_OPTIMIZATION_LEVEL = "-Onone";
			};
			name = Debug;
		};
		84E6EEE423539B41001B00D8 /* Release */ = {
			isa = XCBuildConfiguration;
			buildSettings = {
				ALWAYS_SEARCH_USER_PATHS = NO;
				CLANG_ANALYZER_NONNULL = YES;
				CLANG_ANALYZER_NUMBER_OBJECT_CONVERSION = YES_AGGRESSIVE;
				CLANG_CXX_LANGUAGE_STANDARD = "gnu++14";
				CLANG_CXX_LIBRARY = "libc++";
				CLANG_ENABLE_MODULES = YES;
				CLANG_ENABLE_OBJC_ARC = YES;
				CLANG_ENABLE_OBJC_WEAK = YES;
				CLANG_WARN_BLOCK_CAPTURE_AUTORELEASING = YES;
				CLANG_WARN_BOOL_CONVERSION = YES;
				CLANG_WARN_COMMA = YES;
				CLANG_WARN_CONSTANT_CONVERSION = YES;
				CLANG_WARN_DEPRECATED_OBJC_IMPLEMENTATIONS = YES;
				CLANG_WARN_DIRECT_OBJC_ISA_USAGE = YES_ERROR;
				CLANG_WARN_DOCUMENTATION_COMMENTS = YES;
				CLANG_WARN_EMPTY_BODY = YES;
				CLANG_WARN_ENUM_CONVERSION = YES;
				CLANG_WARN_INFINITE_RECURSION = YES;
				CLANG_WARN_INT_CONVERSION = YES;
				CLANG_WARN_NON_LITERAL_NULL_CONVERSION = YES;
				CLANG_WARN_OBJC_IMPLICIT_RETAIN_SELF = YES;
				CLANG_WARN_OBJC_LITERAL_CONVERSION = YES;
				CLANG_WARN_OBJC_ROOT_CLASS = YES_ERROR;
				CLANG_WARN_RANGE_LOOP_ANALYSIS = YES;
				CLANG_WARN_STRICT_PROTOTYPES = YES;
				CLANG_WARN_SUSPICIOUS_MOVE = YES;
				CLANG_WARN_UNGUARDED_AVAILABILITY = YES_AGGRESSIVE;
				CLANG_WARN_UNREACHABLE_CODE = YES;
				CLANG_WARN__DUPLICATE_METHOD_MATCH = YES;
				COPY_PHASE_STRIP = NO;
				DEBUG_INFORMATION_FORMAT = "dwarf-with-dsym";
				ENABLE_NS_ASSERTIONS = NO;
				ENABLE_STRICT_OBJC_MSGSEND = YES;
				GCC_C_LANGUAGE_STANDARD = gnu11;
				GCC_NO_COMMON_BLOCKS = YES;
				GCC_WARN_64_TO_32_BIT_CONVERSION = YES;
				GCC_WARN_ABOUT_RETURN_TYPE = YES_ERROR;
				GCC_WARN_UNDECLARED_SELECTOR = YES;
				GCC_WARN_UNINITIALIZED_AUTOS = YES_AGGRESSIVE;
				GCC_WARN_UNUSED_FUNCTION = YES;
				GCC_WARN_UNUSED_VARIABLE = YES;
				IPHONEOS_DEPLOYMENT_TARGET = 13.1;
				MTL_ENABLE_DEBUG_INFO = NO;
				MTL_FAST_MATH = YES;
				SDKROOT = iphoneos;
				SWIFT_COMPILATION_MODE = wholemodule;
				SWIFT_OPTIMIZATION_LEVEL = "-O";
				VALIDATE_PRODUCT = YES;
			};
			name = Release;
		};
		84E6EEE623539B41001B00D8 /* Debug */ = {
			isa = XCBuildConfiguration;
			baseConfigurationReference = E36E6B2C6C5015D161563E4B /* Pods-neblinaAR.debug.xcconfig */;
			buildSettings = {
				ASSETCATALOG_COMPILER_APPICON_NAME = AppIcon;
				CLANG_ADDRESS_SANITIZER_CONTAINER_OVERFLOW = NO;
				CODE_SIGN_STYLE = Automatic;
				DEVELOPMENT_TEAM = 3BH49U8WFP;
				INFOPLIST_FILE = neblinaAR/Info.plist;
				LD_RUNPATH_SEARCH_PATHS = (
					"$(inherited)",
					"@executable_path/Frameworks",
				);
				PRODUCT_BUNDLE_IDENTIFIER = com.negar.neblinaAR;
				PRODUCT_NAME = "$(TARGET_NAME)";
				SWIFT_OBJC_BRIDGING_HEADER = "neblinaAR/Neblina files/Neblina-Bridging-Header.h";
				SWIFT_VERSION = 5.0;
				TARGETED_DEVICE_FAMILY = "1,2";
			};
			name = Debug;
		};
		84E6EEE723539B41001B00D8 /* Release */ = {
			isa = XCBuildConfiguration;
			baseConfigurationReference = E6C8AE65F150E23A9D69B7F8 /* Pods-neblinaAR.release.xcconfig */;
			buildSettings = {
				ASSETCATALOG_COMPILER_APPICON_NAME = AppIcon;
				CLANG_ADDRESS_SANITIZER_CONTAINER_OVERFLOW = NO;
				CODE_SIGN_STYLE = Automatic;
				DEVELOPMENT_TEAM = 3BH49U8WFP;
				INFOPLIST_FILE = neblinaAR/Info.plist;
				LD_RUNPATH_SEARCH_PATHS = (
					"$(inherited)",
					"@executable_path/Frameworks",
				);
				PRODUCT_BUNDLE_IDENTIFIER = com.negar.neblinaAR;
				PRODUCT_NAME = "$(TARGET_NAME)";
				SWIFT_OBJC_BRIDGING_HEADER = "neblinaAR/Neblina files/Neblina-Bridging-Header.h";
				SWIFT_VERSION = 5.0;
				TARGETED_DEVICE_FAMILY = "1,2";
			};
			name = Release;
		};
/* End XCBuildConfiguration section */

/* Begin XCConfigurationList section */
		84E6EECC23539B3B001B00D8 /* Build configuration list for PBXProject "neblinaAR" */ = {
			isa = XCConfigurationList;
			buildConfigurations = (
				84E6EEE323539B41001B00D8 /* Debug */,
				84E6EEE423539B41001B00D8 /* Release */,
			);
			defaultConfigurationIsVisible = 0;
			defaultConfigurationName = Release;
		};
		84E6EEE523539B41001B00D8 /* Build configuration list for PBXNativeTarget "neblinaAR" */ = {
			isa = XCConfigurationList;
			buildConfigurations = (
				84E6EEE623539B41001B00D8 /* Debug */,
				84E6EEE723539B41001B00D8 /* Release */,
			);
			defaultConfigurationIsVisible = 0;
			defaultConfigurationName = Release;
		};
/* End XCConfigurationList section */
	};
	rootObject = 84E6EEC923539B3B001B00D8 /* Project object */;
}
